
Microsoft Visual Studio Solution File, Format Version 12.00
# Visual Studio Version 17
VisualStudioVersion = 17.0.31919.166
MinimumVisualStudioVersion = 10.0.40219.1
Project("{FAE04EC0-301F-11D3-BF4B-00C04F79EFBC}") = "Data_Annotation", "Data_Annotation\Data_Annotation.csproj", "{2EA34487-2CF9-4AE2-BE54-C3CFBD9F6763}"
EndProject
Global
	GlobalSection(SolutionConfigurationPlatforms) = preSolution
		Debug|Any CPU = Debug|Any CPU
		Release|Any CPU = Release|Any CPU
	EndGlobalSection
	GlobalSection(ProjectConfigurationPlatforms) = postSolution
		{2EA34487-2CF9-4AE2-BE54-C3CFBD9F6763}.Debug|Any CPU.ActiveCfg = Debug|Any CPU
		{2EA34487-2CF9-4AE2-BE54-C3CFBD9F6763}.Debug|Any CPU.Build.0 = Debug|Any CPU
		{2EA34487-2CF9-4AE2-BE54-C3CFBD9F6763}.Release|Any CPU.ActiveCfg = Release|Any CPU
		{2EA34487-2CF9-4AE2-BE54-C3CFBD9F6763}.Release|Any CPU.Build.0 = Release|Any CPU
	EndGlobalSection
	GlobalSection(SolutionProperties) = preSolution
		HideSolutionNode = FALSE
	EndGlobalSection
	GlobalSection(ExtensibilityGlobals) = postSolution
		SolutionGuid = {EEBE618D-3D13-4EFE-861E-9BB74134754B}
	EndGlobalSection
EndGlobal
